
Microsoft Visual Studio Solution File, Format Version 12.00
# Visual Studio 15
VisualStudioVersion = 15.0.27004.2005
MinimumVisualStudioVersion = 10.0.40219.1
Project("{FAE04EC0-301F-11D3-BF4B-00C04F79EFBC}") = "ADEN", "ADEN\ADEN.csproj", "{01C5FD4D-45F8-41D1-9BD2-E061C8D8C848}"
EndProject
Project("{FAE04EC0-301F-11D3-BF4B-00C04F79EFBC}") = "Utils", "Library\Utils\Utils.csproj", "{36AF0927-7EBD-438D-9F9A-96FD55440C7A}"
EndProject
Project("{FAE04EC0-301F-11D3-BF4B-00C04F79EFBC}") = "SEMI", "SEMI\SEMI.csproj", "{CA466CB1-4AD5-4927-A7E3-1ADEFE4489E1}"
EndProject
Project("{FAE04EC0-301F-11D3-BF4B-00C04F79EFBC}") = "Model", "Model\Model.csproj", "{346C43BA-58FA-4831-B42E-4FA38F20B87F}"
EndProject
Project("{FAE04EC0-301F-11D3-BF4B-00C04F79EFBC}") = "WeChat", "WeChat\WeChat.csproj", "{42D561EB-5E0A-4EE6-BEC8-949371812081}"
EndProject
Project("{FAE04EC0-301F-11D3-BF4B-00C04F79EFBC}") = "SEMIService", "SEMIService\SEMIService.csproj", "{62C5C250-DDF9-478E-BEB8-1BD6081C44A4}"
EndProject
Project("{FAE04EC0-301F-11D3-BF4B-00C04F79EFBC}") = "SFEEDSiteClient", "SFEEDSiteClient\SFEEDSiteClient.csproj", "{9A0778C9-83DE-431D-BAA6-BE2D11609909}"
EndProject
Project("{FAE04EC0-301F-11D3-BF4B-00C04F79EFBC}") = "SFEEDDataSync", "SFEEDDataSync\SFEEDDataSync.csproj", "{68A51E32-85C5-46D4-B7AC-346FC8FD2AFA}"
EndProject
Project("{FAE04EC0-301F-11D3-BF4B-00C04F79EFBC}") = "WeChatEvent", "WeChatEvent\WeChatEvent.csproj", "{1CBF2B6C-43A6-42EE-A007-7802E048FBD0}"
EndProject
Global
	GlobalSection(SolutionConfigurationPlatforms) = preSolution
		CD_ROM|Any CPU = CD_ROM|Any CPU
		Debug|Any CPU = Debug|Any CPU
		DVD-5|Any CPU = DVD-5|Any CPU
		Release|Any CPU = Release|Any CPU
		SingleImage|Any CPU = SingleImage|Any CPU
	EndGlobalSection
	GlobalSection(ProjectConfigurationPlatforms) = postSolution
		{01C5FD4D-45F8-41D1-9BD2-E061C8D8C848}.CD_ROM|Any CPU.ActiveCfg = Release|Any CPU
		{01C5FD4D-45F8-41D1-9BD2-E061C8D8C848}.CD_ROM|Any CPU.Build.0 = Release|Any CPU
		{01C5FD4D-45F8-41D1-9BD2-E061C8D8C848}.Debug|Any CPU.ActiveCfg = Debug|Any CPU
		{01C5FD4D-45F8-41D1-9BD2-E061C8D8C848}.Debug|Any CPU.Build.0 = Debug|Any CPU
		{01C5FD4D-45F8-41D1-9BD2-E061C8D8C848}.DVD-5|Any CPU.ActiveCfg = Debug|Any CPU
		{01C5FD4D-45F8-41D1-9BD2-E061C8D8C848}.DVD-5|Any CPU.Build.0 = Debug|Any CPU
		{01C5FD4D-45F8-41D1-9BD2-E061C8D8C848}.Release|Any CPU.ActiveCfg = Release|Any CPU
		{01C5FD4D-45F8-41D1-9BD2-E061C8D8C848}.Release|Any CPU.Build.0 = Release|Any CPU
		{01C5FD4D-45F8-41D1-9BD2-E061C8D8C848}.SingleImage|Any CPU.ActiveCfg = Release|Any CPU
		{01C5FD4D-45F8-41D1-9BD2-E061C8D8C848}.SingleImage|Any CPU.Build.0 = Release|Any CPU
		{36AF0927-7EBD-438D-9F9A-96FD55440C7A}.CD_ROM|Any CPU.ActiveCfg = Release|Any CPU
		{36AF0927-7EBD-438D-9F9A-96FD55440C7A}.CD_ROM|Any CPU.Build.0 = Release|Any CPU
		{36AF0927-7EBD-438D-9F9A-96FD55440C7A}.Debug|Any CPU.ActiveCfg = Debug|Any CPU
		{36AF0927-7EBD-438D-9F9A-96FD55440C7A}.Debug|Any CPU.Build.0 = Debug|Any CPU
		{36AF0927-7EBD-438D-9F9A-96FD55440C7A}.DVD-5|Any CPU.ActiveCfg = Debug|Any CPU
		{36AF0927-7EBD-438D-9F9A-96FD55440C7A}.DVD-5|Any CPU.Build.0 = Debug|Any CPU
		{36AF0927-7EBD-438D-9F9A-96FD55440C7A}.Release|Any CPU.ActiveCfg = Release|Any CPU
		{36AF0927-7EBD-438D-9F9A-96FD55440C7A}.Release|Any CPU.Build.0 = Release|Any CPU
		{36AF0927-7EBD-438D-9F9A-96FD55440C7A}.SingleImage|Any CPU.ActiveCfg = Release|Any CPU
		{36AF0927-7EBD-438D-9F9A-96FD55440C7A}.SingleImage|Any CPU.Build.0 = Release|Any CPU
		{CA466CB1-4AD5-4927-A7E3-1ADEFE4489E1}.CD_ROM|Any CPU.ActiveCfg = Release|Any CPU
		{CA466CB1-4AD5-4927-A7E3-1ADEFE4489E1}.CD_ROM|Any CPU.Build.0 = Release|Any CPU
		{CA466CB1-4AD5-4927-A7E3-1ADEFE4489E1}.Debug|Any CPU.ActiveCfg = Debug|Any CPU
		{CA466CB1-4AD5-4927-A7E3-1ADEFE4489E1}.Debug|Any CPU.Build.0 = Debug|Any CPU
		{CA466CB1-4AD5-4927-A7E3-1ADEFE4489E1}.DVD-5|Any CPU.ActiveCfg = Debug|Any CPU
		{CA466CB1-4AD5-4927-A7E3-1ADEFE4489E1}.DVD-5|Any CPU.Build.0 = Debug|Any CPU
		{CA466CB1-4AD5-4927-A7E3-1ADEFE4489E1}.Release|Any CPU.ActiveCfg = Release|Any CPU
		{CA466CB1-4AD5-4927-A7E3-1ADEFE4489E1}.Release|Any CPU.Build.0 = Release|Any CPU
		{CA466CB1-4AD5-4927-A7E3-1ADEFE4489E1}.SingleImage|Any CPU.ActiveCfg = Release|Any CPU
		{CA466CB1-4AD5-4927-A7E3-1ADEFE4489E1}.SingleImage|Any CPU.Build.0 = Release|Any CPU
		{346C43BA-58FA-4831-B42E-4FA38F20B87F}.CD_ROM|Any CPU.ActiveCfg = Release|Any CPU
		{346C43BA-58FA-4831-B42E-4FA38F20B87F}.CD_ROM|Any CPU.Build.0 = Release|Any CPU
		{346C43BA-58FA-4831-B42E-4FA38F20B87F}.Debug|Any CPU.ActiveCfg = Debug|Any CPU
		{346C43BA-58FA-4831-B42E-4FA38F20B87F}.Debug|Any CPU.Build.0 = Debug|Any CPU
		{346C43BA-58FA-4831-B42E-4FA38F20B87F}.DVD-5|Any CPU.ActiveCfg = Debug|Any CPU
		{346C43BA-58FA-4831-B42E-4FA38F20B87F}.DVD-5|Any CPU.Build.0 = Debug|Any CPU
		{346C43BA-58FA-4831-B42E-4FA38F20B87F}.Release|Any CPU.ActiveCfg = Release|Any CPU
		{346C43BA-58FA-4831-B42E-4FA38F20B87F}.Release|Any CPU.Build.0 = Release|Any CPU
		{346C43BA-58FA-4831-B42E-4FA38F20B87F}.SingleImage|Any CPU.ActiveCfg = Release|Any CPU
		{346C43BA-58FA-4831-B42E-4FA38F20B87F}.SingleImage|Any CPU.Build.0 = Release|Any CPU
		{42D561EB-5E0A-4EE6-BEC8-949371812081}.CD_ROM|Any CPU.ActiveCfg = Release|Any CPU
		{42D561EB-5E0A-4EE6-BEC8-949371812081}.CD_ROM|Any CPU.Build.0 = Release|Any CPU
		{42D561EB-5E0A-4EE6-BEC8-949371812081}.Debug|Any CPU.ActiveCfg = Debug|Any CPU
		{42D561EB-5E0A-4EE6-BEC8-949371812081}.Debug|Any CPU.Build.0 = Debug|Any CPU
		{42D561EB-5E0A-4EE6-BEC8-949371812081}.DVD-5|Any CPU.ActiveCfg = Debug|Any CPU
		{42D561EB-5E0A-4EE6-BEC8-949371812081}.DVD-5|Any CPU.Build.0 = Debug|Any CPU
		{42D561EB-5E0A-4EE6-BEC8-949371812081}.Release|Any CPU.ActiveCfg = Release|Any CPU
		{42D561EB-5E0A-4EE6-BEC8-949371812081}.Release|Any CPU.Build.0 = Release|Any CPU
		{42D561EB-5E0A-4EE6-BEC8-949371812081}.SingleImage|Any CPU.ActiveCfg = Release|Any CPU
		{42D561EB-5E0A-4EE6-BEC8-949371812081}.SingleImage|Any CPU.Build.0 = Release|Any CPU
		{62C5C250-DDF9-478E-BEB8-1BD6081C44A4}.CD_ROM|Any CPU.ActiveCfg = Release|Any CPU
		{62C5C250-DDF9-478E-BEB8-1BD6081C44A4}.CD_ROM|Any CPU.Build.0 = Release|Any CPU
		{62C5C250-DDF9-478E-BEB8-1BD6081C44A4}.Debug|Any CPU.ActiveCfg = Debug|Any CPU
		{62C5C250-DDF9-478E-BEB8-1BD6081C44A4}.Debug|Any CPU.Build.0 = Debug|Any CPU
		{62C5C250-DDF9-478E-BEB8-1BD6081C44A4}.DVD-5|Any CPU.ActiveCfg = Debug|Any CPU
		{62C5C250-DDF9-478E-BEB8-1BD6081C44A4}.DVD-5|Any CPU.Build.0 = Debug|Any CPU
		{62C5C250-DDF9-478E-BEB8-1BD6081C44A4}.Release|Any CPU.ActiveCfg = Release|Any CPU
		{62C5C250-DDF9-478E-BEB8-1BD6081C44A4}.Release|Any CPU.Build.0 = Release|Any CPU
		{62C5C250-DDF9-478E-BEB8-1BD6081C44A4}.SingleImage|Any CPU.ActiveCfg = Release|Any CPU
		{62C5C250-DDF9-478E-BEB8-1BD6081C44A4}.SingleImage|Any CPU.Build.0 = Release|Any CPU
		{9A0778C9-83DE-431D-BAA6-BE2D11609909}.CD_ROM|Any CPU.ActiveCfg = Release|Any CPU
		{9A0778C9-83DE-431D-BAA6-BE2D11609909}.CD_ROM|Any CPU.Build.0 = Release|Any CPU
		{9A0778C9-83DE-431D-BAA6-BE2D11609909}.Debug|Any CPU.ActiveCfg = Debug|Any CPU
		{9A0778C9-83DE-431D-BAA6-BE2D11609909}.Debug|Any CPU.Build.0 = Debug|Any CPU
		{9A0778C9-83DE-431D-BAA6-BE2D11609909}.DVD-5|Any CPU.ActiveCfg = Debug|Any CPU
		{9A0778C9-83DE-431D-BAA6-BE2D11609909}.DVD-5|Any CPU.Build.0 = Debug|Any CPU
		{9A0778C9-83DE-431D-BAA6-BE2D11609909}.Release|Any CPU.ActiveCfg = Release|Any CPU
		{9A0778C9-83DE-431D-BAA6-BE2D11609909}.Release|Any CPU.Build.0 = Release|Any CPU
		{9A0778C9-83DE-431D-BAA6-BE2D11609909}.SingleImage|Any CPU.ActiveCfg = Release|Any CPU
		{9A0778C9-83DE-431D-BAA6-BE2D11609909}.SingleImage|Any CPU.Build.0 = Release|Any CPU
		{68A51E32-85C5-46D4-B7AC-346FC8FD2AFA}.CD_ROM|Any CPU.ActiveCfg = Release|Any CPU
		{68A51E32-85C5-46D4-B7AC-346FC8FD2AFA}.CD_ROM|Any CPU.Build.0 = Release|Any CPU
		{68A51E32-85C5-46D4-B7AC-346FC8FD2AFA}.Debug|Any CPU.ActiveCfg = Debug|Any CPU
		{68A51E32-85C5-46D4-B7AC-346FC8FD2AFA}.Debug|Any CPU.Build.0 = Debug|Any CPU
		{68A51E32-85C5-46D4-B7AC-346FC8FD2AFA}.DVD-5|Any CPU.ActiveCfg = Debug|Any CPU
		{68A51E32-85C5-46D4-B7AC-346FC8FD2AFA}.DVD-5|Any CPU.Build.0 = Debug|Any CPU
		{68A51E32-85C5-46D4-B7AC-346FC8FD2AFA}.Release|Any CPU.ActiveCfg = Release|Any CPU
		{68A51E32-85C5-46D4-B7AC-346FC8FD2AFA}.Release|Any CPU.Build.0 = Release|Any CPU
		{68A51E32-85C5-46D4-B7AC-346FC8FD2AFA}.SingleImage|Any CPU.ActiveCfg = Release|Any CPU
		{68A51E32-85C5-46D4-B7AC-346FC8FD2AFA}.SingleImage|Any CPU.Build.0 = Release|Any CPU
		{1CBF2B6C-43A6-42EE-A007-7802E048FBD0}.CD_ROM|Any CPU.ActiveCfg = Release|Any CPU
		{1CBF2B6C-43A6-42EE-A007-7802E048FBD0}.CD_ROM|Any CPU.Build.0 = Release|Any CPU
		{1CBF2B6C-43A6-42EE-A007-7802E048FBD0}.Debug|Any CPU.ActiveCfg = Debug|Any CPU
		{1CBF2B6C-43A6-42EE-A007-7802E048FBD0}.Debug|Any CPU.Build.0 = Debug|Any CPU
		{1CBF2B6C-43A6-42EE-A007-7802E048FBD0}.DVD-5|Any CPU.ActiveCfg = Debug|Any CPU
		{1CBF2B6C-43A6-42EE-A007-7802E048FBD0}.DVD-5|Any CPU.Build.0 = Debug|Any CPU
		{1CBF2B6C-43A6-42EE-A007-7802E048FBD0}.Release|Any CPU.ActiveCfg = Release|Any CPU
		{1CBF2B6C-43A6-42EE-A007-7802E048FBD0}.Release|Any CPU.Build.0 = Release|Any CPU
		{1CBF2B6C-43A6-42EE-A007-7802E048FBD0}.SingleImage|Any CPU.ActiveCfg = Release|Any CPU
		{1CBF2B6C-43A6-42EE-A007-7802E048FBD0}.SingleImage|Any CPU.Build.0 = Release|Any CPU
	EndGlobalSection
	GlobalSection(SolutionProperties) = preSolution
		HideSolutionNode = FALSE
	EndGlobalSection
	GlobalSection(ExtensibilityGlobals) = postSolution
		SolutionGuid = {A1B8F137-2A9A-4B89-92FE-D121BF6A7E9A}
	EndGlobalSection
EndGlobal
